
Microsoft Visual Studio Solution File, Format Version 12.00
# Visual Studio Version 16
VisualStudioVersion = 16.0.31424.327
MinimumVisualStudioVersion = 10.0.40219.1
Project("{FAE04EC0-301F-11D3-BF4B-00C04F79EFBC}") = "Bank.Dio", "Bank.Dio\Bank.Dio.csproj", "{B971727E-18B3-4695-8E2C-A8B4269CCAE1}"
EndProject
Global
	GlobalSection(SolutionConfigurationPlatforms) = preSolution
		Debug|Any CPU = Debug|Any CPU
		Release|Any CPU = Release|Any CPU
	EndGlobalSection
	GlobalSection(ProjectConfigurationPlatforms) = postSolution
		{B971727E-18B3-4695-8E2C-A8B4269CCAE1}.Debug|Any CPU.ActiveCfg = Debug|Any CPU
		{B971727E-18B3-4695-8E2C-A8B4269CCAE1}.Debug|Any CPU.Build.0 = Debug|Any CPU
		{B971727E-18B3-4695-8E2C-A8B4269CCAE1}.Release|Any CPU.ActiveCfg = Release|Any CPU
		{B971727E-18B3-4695-8E2C-A8B4269CCAE1}.Release|Any CPU.Build.0 = Release|Any CPU
	EndGlobalSection
	GlobalSection(SolutionProperties) = preSolution
		HideSolutionNode = FALSE
	EndGlobalSection
	GlobalSection(ExtensibilityGlobals) = postSolution
		SolutionGuid = {BEB4FA14-FA88-478C-8BBC-7C1BF7AD062A}
	EndGlobalSection
EndGlobal
